{
  "projects": [
    {
      "projectId": "2Q8io4YT2aFb8somxWhYXQ",
      "version": "latest",
      "dependencies": {},
      "lang": "js",
      "fileLocks": [
        {
          "type": "renderModule",
          "assetId": "6wPn25ZNUt3CI",
          "checksum": "77c0441694b0b2ae717544f868a266e1"
        },
        {
          "type": "cssRules",
          "assetId": "6wPn25ZNUt3CI",
          "checksum": "77c0441694b0b2ae717544f868a266e1"
        },
        {
          "type": "renderModule",
          "assetId": "YLm9tZK9aFCAD",
          "checksum": "728ba06c3944b88e26eac95a79268869"
        },
        {
          "type": "cssRules",
          "assetId": "YLm9tZK9aFCAD",
          "checksum": "728ba06c3944b88e26eac95a79268869"
        },
        {
          "type": "icon",
          "assetId": "fWiAlcoJAimg8",
          "checksum": "ef00f37342973304d78a4a3467c7cc4f"
        },
        {
          "type": "icon",
          "assetId": "Xl8XvLp0suKzh",
          "checksum": "850e5de6637ffa54f6433051eb3ef427"
        },
        {
          "type": "icon",
          "assetId": "cVMBIX4VDYJko",
          "checksum": "fef6780dfd84805b351e5dc18bc6f224"
        },
        {
          "type": "image",
          "assetId": "sQLihVrZn",
          "checksum": "41007bd18de10627c12bd1f8d78601fa"
        },
        {
          "assetId": "2Q8io4YT2aFb8somxWhYXQ",
          "type": "projectCss",
          "checksum": "1eb334ef1911da9ee85b80e7a53adaba"
        }
      ],
      "codegenVersion": "0.0.1"
    }
  ],
  "cliVersion": "0.1.178"
}
